
Microsoft Visual Studio Solution File, Format Version 12.00
# Visual Studio Version 16
VisualStudioVersion = 16.0.30804.86
MinimumVisualStudioVersion = 10.0.40219.1
Project("{FAE04EC0-301F-11D3-BF4B-00C04F79EFBC}") = "RomanNumerals", "RomanNumerals\RomanNumerals.csproj", "{44263337-94BB-46F6-BA5D-66703481CB38}"
EndProject
Project("{FAE04EC0-301F-11D3-BF4B-00C04F79EFBC}") = "RomanNumerals.Test", "RomanNumerals.Test\RomanNumerals.Test.csproj", "{910B99EF-037D-4253-A813-86A0DFDF9166}"
EndProject
Global
	GlobalSection(SolutionConfigurationPlatforms) = preSolution
		Debug|Any CPU = Debug|Any CPU
		Release|Any CPU = Release|Any CPU
	EndGlobalSection
	GlobalSection(ProjectConfigurationPlatforms) = postSolution
		{44263337-94BB-46F6-BA5D-66703481CB38}.Debug|Any CPU.ActiveCfg = Debug|Any CPU
		{44263337-94BB-46F6-BA5D-66703481CB38}.Debug|Any CPU.Build.0 = Debug|Any CPU
		{44263337-94BB-46F6-BA5D-66703481CB38}.Release|Any CPU.ActiveCfg = Release|Any CPU
		{44263337-94BB-46F6-BA5D-66703481CB38}.Release|Any CPU.Build.0 = Release|Any CPU
		{910B99EF-037D-4253-A813-86A0DFDF9166}.Debug|Any CPU.ActiveCfg = Debug|Any CPU
		{910B99EF-037D-4253-A813-86A0DFDF9166}.Debug|Any CPU.Build.0 = Debug|Any CPU
		{910B99EF-037D-4253-A813-86A0DFDF9166}.Release|Any CPU.ActiveCfg = Release|Any CPU
		{910B99EF-037D-4253-A813-86A0DFDF9166}.Release|Any CPU.Build.0 = Release|Any CPU
	EndGlobalSection
	GlobalSection(SolutionProperties) = preSolution
		HideSolutionNode = FALSE
	EndGlobalSection
	GlobalSection(ExtensibilityGlobals) = postSolution
		SolutionGuid = {E1302278-2F96-4784-9F83-614EE591083E}
	EndGlobalSection
EndGlobal
